{
  "version": 4,
  "terraform_version": "1.0.8",
  "serial": 67,
  "lineage": "f3b658a9-42bb-b450-8e98-f3ed4c199072",
  "outputs": {
    "public_ip": {
      "value": [
        "18.117.225.240"
      ],
      "type": [
        "tuple",
        [
          "string"
        ]
      ]
    }
  },
  "resources": [
    {
      "mode": "data",
      "type": "template_file",
      "name": "user_data",
      "provider": "provider[\"registry.terraform.io/hashicorp/template\"]",
      "instances": [
        {
          "schema_version": 0,
          "attributes": {
            "filename": null,
            "id": "b65efd27546d959c7f80535e88e6da6dfa9c3a144c9817effb67200a8c44a64b",
            "rendered": "\n# Add users to the system. Users are added after groups are added.\nusers:\n  - default\n  - name: terraform\n    gecos: terraform\n    shell: /bin/bash\n    primary_group: hashicorp\n    sudo: ALL=(ALL) NOPASSWD:ALL\n    groups: users, admin\n    lock_passwd: false\n    ssh_authorized_keys:\n      - ssh-rsa AAAAB3NzaC1yc2EAAAADAQABAAABgQCjStkdxm4+3qagkPfoeigsUHTaTr6DNghjzsa1rE8FitzkMo3xRcEQc7D+9xPfOeab4pbQgWV+BOfW3WmGyJl0fOVaJCMJKdgHPQDqVqeOAdNfiUnfpXSmAcdUQz21dIXBiqWrBsmNzzWUmU9dVXnk0c1yRfAt8R1PcWGx/PKI7UOWrkh9IwnYLBWcAARbvVyS8KUCP953s3qdLooqp6SvBVKVtdUcSNKBIrKDt8JZ+TrI/rwSKgRLNmb/TbitDKsn7HURb4+HVHet9y1651XmNE91m3jXeNGxFT8GdiYoLdR4KPC4mxj/nFFX1IQU8aWT3X8e6UUiJseDjoa3dX1dIQj/0qoHgMOJnfNGOk2luHgUtxLSMjcyh6ZP03F4Ef4TFN7PZF62lQhwA4SAF8DE57JFGsvmFa/cNi5Ynll52CJYIjl52BPNYyB2e9qFVkp3Sc9Km0k/GBIwr+9hES+LaCaqORMN8+kgJRmjyTnOAOSoG3K/ZTZ3jdvm6XWUR7k= pierre.vue@ynov.com\n\n\n\n",
            "template": "\n# Add users to the system. Users are added after groups are added.\nusers:\n  - default\n  - name: terraform\n    gecos: terraform\n    shell: /bin/bash\n    primary_group: hashicorp\n    sudo: ALL=(ALL) NOPASSWD:ALL\n    groups: users, admin\n    lock_passwd: false\n    ssh_authorized_keys:\n      - ssh-rsa AAAAB3NzaC1yc2EAAAADAQABAAABgQCjStkdxm4+3qagkPfoeigsUHTaTr6DNghjzsa1rE8FitzkMo3xRcEQc7D+9xPfOeab4pbQgWV+BOfW3WmGyJl0fOVaJCMJKdgHPQDqVqeOAdNfiUnfpXSmAcdUQz21dIXBiqWrBsmNzzWUmU9dVXnk0c1yRfAt8R1PcWGx/PKI7UOWrkh9IwnYLBWcAARbvVyS8KUCP953s3qdLooqp6SvBVKVtdUcSNKBIrKDt8JZ+TrI/rwSKgRLNmb/TbitDKsn7HURb4+HVHet9y1651XmNE91m3jXeNGxFT8GdiYoLdR4KPC4mxj/nFFX1IQU8aWT3X8e6UUiJseDjoa3dX1dIQj/0qoHgMOJnfNGOk2luHgUtxLSMjcyh6ZP03F4Ef4TFN7PZF62lQhwA4SAF8DE57JFGsvmFa/cNi5Ynll52CJYIjl52BPNYyB2e9qFVkp3Sc9Km0k/GBIwr+9hES+LaCaqORMN8+kgJRmjyTnOAOSoG3K/ZTZ3jdvm6XWUR7k= pierre.vue@ynov.com\n\n\n\n",
            "vars": null
          },
          "sensitive_attributes": []
        }
      ]
    },
    {
      "mode": "managed",
      "type": "aws_instance",
      "name": "web",
      "provider": "provider[\"registry.terraform.io/hashicorp/aws\"]",
      "instances": [
        {
          "index_key": 0,
          "schema_version": 1,
          "attributes": {
            "ami": "ami-0d97ef13c06b05a19",
            "arn": "arn:aws:ec2:us-east-2:909408495248:instance/i-051560c7c9e95f948",
            "associate_public_ip_address": true,
            "availability_zone": "us-east-2b",
            "capacity_reservation_specification": [
              {
                "capacity_reservation_preference": "open",
                "capacity_reservation_target": []
              }
            ],
            "cpu_core_count": 1,
            "cpu_threads_per_core": 1,
            "credit_specification": [
              {
                "cpu_credits": "standard"
              }
            ],
            "disable_api_termination": false,
            "ebs_block_device": [],
            "ebs_optimized": false,
            "enclave_options": [
              {
                "enabled": false
              }
            ],
            "ephemeral_block_device": [],
            "get_password_data": false,
            "hibernation": false,
            "host_id": null,
            "iam_instance_profile": "",
            "id": "i-051560c7c9e95f948",
            "instance_initiated_shutdown_behavior": "stop",
            "instance_state": "running",
            "instance_type": "t2.micro",
            "ipv6_address_count": 0,
            "ipv6_addresses": [],
            "key_name": "ssh_key",
            "launch_template": [],
            "metadata_options": [
              {
                "http_endpoint": "enabled",
                "http_put_response_hop_limit": 1,
                "http_tokens": "optional"
              }
            ],
            "monitoring": false,
            "network_interface": [],
            "outpost_arn": "",
            "password_data": "",
            "placement_group": "",
            "primary_network_interface_id": "eni-00bbb90ef3d7abd3f",
            "private_dns": "ip-172-31-21-228.us-east-2.compute.internal",
            "private_ip": "172.31.21.228",
            "public_dns": "ec2-18-117-225-240.us-east-2.compute.amazonaws.com",
            "public_ip": "18.117.225.240",
            "root_block_device": [
              {
                "delete_on_termination": true,
                "device_name": "/dev/sda1",
                "encrypted": false,
                "iops": 100,
                "kms_key_id": "",
                "tags": {},
                "throughput": 0,
                "volume_id": "vol-0690a8612da767088",
                "volume_size": 10,
                "volume_type": "gp2"
              }
            ],
            "secondary_private_ips": [],
            "security_groups": [
              "pierre_v"
            ],
            "source_dest_check": true,
            "subnet_id": "subnet-550bc128",
            "tags": {
              "Environment": "dev",
              "Groups": "app",
              "Name": "dev-pierre-0",
              "Owner": "pierre.vue@ynov.com"
            },
            "tags_all": {
              "Environment": "dev",
              "Groups": "app",
              "Name": "dev-pierre-0",
              "Owner": "pierre.vue@ynov.com"
            },
            "tenancy": "default",
            "timeouts": null,
            "user_data": "f55e0e09aedd60545266c04161016024944cca35",
            "user_data_base64": null,
            "volume_tags": null,
            "vpc_security_group_ids": [
              "sg-09f41dc00cf613046"
            ]
          },
          "sensitive_attributes": [],
          "private": "eyJlMmJmYjczMC1lY2FhLTExZTYtOGY4OC0zNDM2M2JjN2M0YzAiOnsiY3JlYXRlIjo2MDAwMDAwMDAwMDAsImRlbGV0ZSI6MTIwMDAwMDAwMDAwMCwidXBkYXRlIjo2MDAwMDAwMDAwMDB9LCJzY2hlbWFfdmVyc2lvbiI6IjEifQ==",
          "dependencies": [
            "aws_security_group.sg_default",
            "data.template_file.user_data"
          ]
        }
      ]
    },
    {
      "mode": "managed",
      "type": "aws_key_pair",
      "name": "deployer",
      "provider": "provider[\"registry.terraform.io/hashicorp/aws\"]",
      "instances": [
        {
          "schema_version": 1,
          "attributes": {
            "arn": "arn:aws:ec2:us-east-2:909408495248:key-pair/ssh_key",
            "fingerprint": "d3:3b:87:b5:9e:62:d3:48:09:1e:f0:20:02:7f:85:2f",
            "id": "ssh_key",
            "key_name": "ssh_key",
            "key_name_prefix": null,
            "key_pair_id": "key-0904341a04c51b38c",
            "public_key": "ssh-rsa AAAAB3NzaC1yc2EAAAADAQABAAABgQDBElXjAf950lZNRvmzEIuuzuRLnuXosG3wSc276chIJaYCcK3GNLEjUS7QEokS/RSVV03djFFvYYKWzPp7HNI5H2CDtvS+aj5dggRMRop1NAaF55b0olXFYDt8Zo11+y8jH3f7eWAhwqnfclKdZdvaYnzHl7jDwXW7U9xzw1izLKA7DAkgkIn58JwLnTKb/V4eDO2ODBQwJXVQkBctNo0RwrpoU0Xi3UEhTS954lUrsSMvL8gGqwhKQ7SsPdpJG/74gBrtghYMPWLvsreCRgEFTkPjotKniSV/O7JwNOGTpPBhcsjooBi/x0veFhL2tMqI6/Ul3R4yEkXNHyItru1sw3IqePU42HCGMqDW59pg7hX7Z0MnRhUu8bjPO8JotDtL9ogDu+43lGf3/yuCESfH6PA8l/zLobSEFwI/9vpeMN2Kxvyuckx5yW6PMITgzBgQ7BZPtGm53nrqLp6C6Dhh1AXZGxUphGmt1tXleM4e0Hw+ue0gtCgE3cAuUVHrEVs= vuepi@DESKTOP-FC24D6J",
            "tags": null,
            "tags_all": {}
          },
          "sensitive_attributes": [],
          "private": "eyJzY2hlbWFfdmVyc2lvbiI6IjEifQ=="
        }
      ]
    },
    {
      "mode": "managed",
      "type": "aws_security_group",
      "name": "sg_default",
      "provider": "provider[\"registry.terraform.io/hashicorp/aws\"]",
      "instances": [
        {
          "schema_version": 1,
          "attributes": {
            "arn": "arn:aws:ec2:us-east-2:909408495248:security-group/sg-09f41dc00cf613046",
            "description": "Allow TLS inbound trafic",
            "egress": [
              {
                "cidr_blocks": [
                  "0.0.0.0/0"
                ],
                "description": "",
                "from_port": 0,
                "ipv6_cidr_blocks": [],
                "prefix_list_ids": [],
                "protocol": "-1",
                "security_groups": [],
                "self": false,
                "to_port": 0
              }
            ],
            "id": "sg-09f41dc00cf613046",
            "ingress": [
              {
                "cidr_blocks": [
                  "0.0.0.0/0"
                ],
                "description": "",
                "from_port": 22,
                "ipv6_cidr_blocks": [],
                "prefix_list_ids": [],
                "protocol": "tcp",
                "security_groups": [],
                "self": false,
                "to_port": 22
              }
            ],
            "name": "pierre_v",
            "name_prefix": "",
            "owner_id": "909408495248",
            "revoke_rules_on_delete": false,
            "tags": null,
            "tags_all": {},
            "timeouts": null,
            "vpc_id": "vpc-a00c78cb"
          },
          "sensitive_attributes": [],
          "private": "eyJlMmJmYjczMC1lY2FhLTExZTYtOGY4OC0zNDM2M2JjN2M0YzAiOnsiY3JlYXRlIjo2MDAwMDAwMDAwMDAsImRlbGV0ZSI6OTAwMDAwMDAwMDAwfSwic2NoZW1hX3ZlcnNpb24iOiIxIn0="
        }
      ]
    }
  ]
}
